
Microsoft Visual Studio Solution File, Format Version 12.00
# Visual Studio Version 16
VisualStudioVersion = 16.0.30114.105
MinimumVisualStudioVersion = 10.0.40219.1
Project("{F2A71F9B-5D33-465A-A702-920D77279786}") = "Fab2Demo", "Fab2Demo\Fab2Demo.fsproj", "{071F102F-CC13-472F-A0AB-F8E9E77033BE}"
EndProject
Project("{F2A71F9B-5D33-465A-A702-920D77279786}") = "Fab2Demo.iOS", "Fab2Demo.iOS\Fab2Demo.iOS.fsproj", "{DAFFFE48-1B98-49BD-951A-D8107684BF56}"
EndProject
Project("{F2A71F9B-5D33-465A-A702-920D77279786}") = "Fab2Demo.Android", "Fab2Demo.Android\Fab2Demo.Android.fsproj", "{5C916260-DFA5-46A6-87ED-00433F451E38}"
EndProject
Global
    GlobalSection(SolutionConfigurationPlatforms) = preSolution
        Debug|Any CPU = Debug|Any CPU
        Release|Any CPU = Release|Any CPU
        Debug|iPhoneSimulator = Debug|iPhoneSimulator
        Release|iPhoneSimulator = Release|iPhoneSimulator
        Debug|iPhone = Debug|iPhone
        Release|iPhone = Release|iPhone
        Ad-Hoc|iPhone = Ad-Hoc|iPhone
        AppStore|iPhone = AppStore|iPhone
    EndGlobalSection
    GlobalSection(SolutionProperties) = preSolution
        HideSolutionNode = FALSE
    EndGlobalSection
    GlobalSection(ProjectConfigurationPlatforms) = postSolution
        {071F102F-CC13-472F-A0AB-F8E9E77033BE}.Debug|Any CPU.ActiveCfg = Debug|Any CPU
        {071F102F-CC13-472F-A0AB-F8E9E77033BE}.Debug|Any CPU.Build.0 = Debug|Any CPU
        {071F102F-CC13-472F-A0AB-F8E9E77033BE}.Release|Any CPU.ActiveCfg = Release|Any CPU
        {071F102F-CC13-472F-A0AB-F8E9E77033BE}.Release|Any CPU.Build.0 = Release|Any CPU
        {071F102F-CC13-472F-A0AB-F8E9E77033BE}.Debug|iPhoneSimulator.ActiveCfg = Debug|Any CPU
        {071F102F-CC13-472F-A0AB-F8E9E77033BE}.Debug|iPhoneSimulator.Build.0 = Debug|Any CPU
        {071F102F-CC13-472F-A0AB-F8E9E77033BE}.Ad-Hoc|iPhone.ActiveCfg = Release|Any CPU
        {071F102F-CC13-472F-A0AB-F8E9E77033BE}.Ad-Hoc|iPhone.Build.0 = Release|Any CPU
        {071F102F-CC13-472F-A0AB-F8E9E77033BE}.AppStore|iPhone.ActiveCfg = Release|Any CPU
        {071F102F-CC13-472F-A0AB-F8E9E77033BE}.AppStore|iPhone.Build.0 = Release|Any CPU
        {071F102F-CC13-472F-A0AB-F8E9E77033BE}.Debug|iPhone.ActiveCfg = Debug|Any CPU
        {071F102F-CC13-472F-A0AB-F8E9E77033BE}.Debug|iPhone.Build.0 = Debug|Any CPU
        {071F102F-CC13-472F-A0AB-F8E9E77033BE}.Release|iPhone.ActiveCfg = Release|Any CPU
        {071F102F-CC13-472F-A0AB-F8E9E77033BE}.Release|iPhone.Build.0 = Release|Any CPU
        {071F102F-CC13-472F-A0AB-F8E9E77033BE}.Release|iPhoneSimulator.ActiveCfg = Release|Any CPU
        {071F102F-CC13-472F-A0AB-F8E9E77033BE}.Release|iPhoneSimulator.Build.0 = Release|Any CPU
        {DAFFFE48-1B98-49BD-951A-D8107684BF56}.Debug|Any CPU.ActiveCfg = Debug|iPhoneSimulator
        {DAFFFE48-1B98-49BD-951A-D8107684BF56}.Debug|Any CPU.Build.0 = Debug|iPhoneSimulator
        {DAFFFE48-1B98-49BD-951A-D8107684BF56}.Release|Any CPU.ActiveCfg = Release|iPhoneSimulator
        {DAFFFE48-1B98-49BD-951A-D8107684BF56}.Release|Any CPU.Build.0 = Release|iPhoneSimulator
        {DAFFFE48-1B98-49BD-951A-D8107684BF56}.Debug|iPhoneSimulator.ActiveCfg = Debug|iPhoneSimulator
        {DAFFFE48-1B98-49BD-951A-D8107684BF56}.Debug|iPhoneSimulator.Build.0 = Debug|iPhoneSimulator
        {DAFFFE48-1B98-49BD-951A-D8107684BF56}.Release|iPhoneSimulator.ActiveCfg = Release|iPhoneSimulator
        {DAFFFE48-1B98-49BD-951A-D8107684BF56}.Release|iPhoneSimulator.Build.0 = Release|iPhoneSimulator
        {DAFFFE48-1B98-49BD-951A-D8107684BF56}.Debug|iPhone.ActiveCfg = Debug|iPhone
        {DAFFFE48-1B98-49BD-951A-D8107684BF56}.Debug|iPhone.Build.0 = Debug|iPhone
        {DAFFFE48-1B98-49BD-951A-D8107684BF56}.Release|iPhone.ActiveCfg = Release|iPhone
        {DAFFFE48-1B98-49BD-951A-D8107684BF56}.Release|iPhone.Build.0 = Release|iPhone
        {DAFFFE48-1B98-49BD-951A-D8107684BF56}.Ad-Hoc|iPhone.ActiveCfg = Ad-Hoc|iPhone
        {DAFFFE48-1B98-49BD-951A-D8107684BF56}.Ad-Hoc|iPhone.Build.0 = Ad-Hoc|iPhone
        {DAFFFE48-1B98-49BD-951A-D8107684BF56}.AppStore|iPhone.ActiveCfg = AppStore|iPhone
        {DAFFFE48-1B98-49BD-951A-D8107684BF56}.AppStore|iPhone.Build.0 = AppStore|iPhone
        {DAFFFE48-1B98-49BD-951A-D8107684BF56}.Debug|iPhoneSimulator.Deploy.0 = Debug|iPhoneSimulator
        {DAFFFE48-1B98-49BD-951A-D8107684BF56}.Debug|Any CPU.Deploy.0 = Debug|iPhoneSimulator
        {DAFFFE48-1B98-49BD-951A-D8107684BF56}.Debug|iPhone.Deploy.0 = Debug|iPhone
        {DAFFFE48-1B98-49BD-951A-D8107684BF56}.Release|Any CPU.Deploy.0 = Release|iPhoneSimulator
        {DAFFFE48-1B98-49BD-951A-D8107684BF56}.Release|iPhone.Deploy.0 = Release|iPhone
        {DAFFFE48-1B98-49BD-951A-D8107684BF56}.Release|iPhoneSimulator.Deploy.0 = Release|iPhoneSimulator
        {5C916260-DFA5-46A6-87ED-00433F451E38}.Debug|Any CPU.ActiveCfg = Debug|Any CPU
        {5C916260-DFA5-46A6-87ED-00433F451E38}.Debug|Any CPU.Build.0 = Debug|Any CPU
        {5C916260-DFA5-46A6-87ED-00433F451E38}.Release|Any CPU.ActiveCfg = Release|Any CPU
        {5C916260-DFA5-46A6-87ED-00433F451E38}.Release|Any CPU.Build.0 = Release|Any CPU
        {5C916260-DFA5-46A6-87ED-00433F451E38}.Debug|iPhoneSimulator.ActiveCfg = Debug|Any CPU
        {5C916260-DFA5-46A6-87ED-00433F451E38}.Debug|iPhoneSimulator.Build.0 = Debug|Any CPU
        {5C916260-DFA5-46A6-87ED-00433F451E38}.Release|iPhoneSimulator.ActiveCfg = Release|Any CPU
        {5C916260-DFA5-46A6-87ED-00433F451E38}.Release|iPhoneSimulator.Build.0 = Release|Any CPU
        {5C916260-DFA5-46A6-87ED-00433F451E38}.Debug|iPhone.ActiveCfg = Debug|Any CPU
        {5C916260-DFA5-46A6-87ED-00433F451E38}.Debug|iPhone.Build.0 = Debug|Any CPU
        {5C916260-DFA5-46A6-87ED-00433F451E38}.Release|iPhone.ActiveCfg = Release|Any CPU
        {5C916260-DFA5-46A6-87ED-00433F451E38}.Release|iPhone.Build.0 = Release|Any CPU
        {5C916260-DFA5-46A6-87ED-00433F451E38}.Ad-Hoc|iPhone.ActiveCfg = Release|Any CPU
        {5C916260-DFA5-46A6-87ED-00433F451E38}.Ad-Hoc|iPhone.Build.0 = Release|Any CPU
        {5C916260-DFA5-46A6-87ED-00433F451E38}.AppStore|iPhone.ActiveCfg = Release|Any CPU
        {5C916260-DFA5-46A6-87ED-00433F451E38}.AppStore|iPhone.Build.0 = Release|Any CPU
        {5C916260-DFA5-46A6-87ED-00433F451E38}.Debug|iPhoneSimulator.Deploy.0 = Debug|Any CPU
        {5C916260-DFA5-46A6-87ED-00433F451E38}.Debug|Any CPU.Deploy.0 = Debug|Any CPU
        {5C916260-DFA5-46A6-87ED-00433F451E38}.Debug|iPhone.Deploy.0 = Debug|Any CPU
        {5C916260-DFA5-46A6-87ED-00433F451E38}.Release|Any CPU.Deploy.0 = Release|Any CPU
        {5C916260-DFA5-46A6-87ED-00433F451E38}.Release|iPhone.Deploy.0 = Release|Any CPU
        {5C916260-DFA5-46A6-87ED-00433F451E38}.Release|iPhoneSimulator.Deploy.0 = Release|Any CPU
    EndGlobalSection
EndGlobal
